
Microsoft Visual Studio Solution File, Format Version 12.00
# Visual Studio Version 17
VisualStudioVersion = 17.8.34309.116
MinimumVisualStudioVersion = 10.0.40219.1
Project("{FAE04EC0-301F-11D3-BF4B-00C04F79EFBC}") = "IntroClasses", "IntroClasses\IntroClasses.csproj", "{D648B460-142F-43FD-8A7C-8C4E975834A5}"
EndProject
Global
	GlobalSection(SolutionConfigurationPlatforms) = preSolution
		Debug|Any CPU = Debug|Any CPU
		Release|Any CPU = Release|Any CPU
	EndGlobalSection
	GlobalSection(ProjectConfigurationPlatforms) = postSolution
		{D648B460-142F-43FD-8A7C-8C4E975834A5}.Debug|Any CPU.ActiveCfg = Debug|Any CPU
		{D648B460-142F-43FD-8A7C-8C4E975834A5}.Debug|Any CPU.Build.0 = Debug|Any CPU
		{D648B460-142F-43FD-8A7C-8C4E975834A5}.Release|Any CPU.ActiveCfg = Release|Any CPU
		{D648B460-142F-43FD-8A7C-8C4E975834A5}.Release|Any CPU.Build.0 = Release|Any CPU
	EndGlobalSection
	GlobalSection(SolutionProperties) = preSolution
		HideSolutionNode = FALSE
	EndGlobalSection
	GlobalSection(ExtensibilityGlobals) = postSolution
		SolutionGuid = {E154D814-2BA1-4BB3-AC68-EA7FE80DD87A}
	EndGlobalSection
EndGlobal
